#MicroXplorer Configuration settings - do not modify
ADC1.Channel-2\#ChannelRegularConversion=ADC_CHANNEL_2
ADC1.ClockPrescaler=ADC_CLOCK_ASYNC_DIV6
ADC1.IPParameters=Rank-2\#ChannelRegularConversion,Channel-2\#ChannelRegularConversion,SamplingTime-2\#ChannelRegularConversion,OffsetNumber-2\#ChannelRegularConversion,OffsetSignedSaturation-2\#ChannelRegularConversion,NbrOfConversionFlag,master,ClockPrescaler
ADC1.NbrOfConversionFlag=1
ADC1.OffsetNumber-2\#ChannelRegularConversion=ADC_OFFSET_NONE
ADC1.OffsetSignedSaturation-2\#ChannelRegularConversion=DISABLE
ADC1.Rank-2\#ChannelRegularConversion=1
ADC1.SamplingTime-2\#ChannelRegularConversion=ADC_SAMPLETIME_1CYCLE_5
ADC1.master=1
ADC2.Channel-0\#ChannelRegularConversion=ADC_CHANNEL_2
ADC2.ClockPrescaler=ADC_CLOCK_ASYNC_DIV6
ADC2.IPParameters=Rank-0\#ChannelRegularConversion,Channel-0\#ChannelRegularConversion,SamplingTime-0\#ChannelRegularConversion,OffsetNumber-0\#ChannelRegularConversion,OffsetSignedSaturation-0\#ChannelRegularConversion,NbrOfConversionFlag,ClockPrescaler
ADC2.NbrOfConversionFlag=1
ADC2.OffsetNumber-0\#ChannelRegularConversion=ADC_OFFSET_NONE
ADC2.OffsetSignedSaturation-0\#ChannelRegularConversion=DISABLE
ADC2.Rank-0\#ChannelRegularConversion=1
ADC2.SamplingTime-0\#ChannelRegularConversion=ADC_SAMPLETIME_1CYCLE_5
ADC3.Channel-0\#ChannelRegularConversion=ADC_CHANNEL_3
ADC3.ClockPrescaler=ADC_CLOCK_ASYNC_DIV6
ADC3.IPParameters=Rank-0\#ChannelRegularConversion,Channel-0\#ChannelRegularConversion,SamplingTime-0\#ChannelRegularConversion,OffsetNumber-0\#ChannelRegularConversion,OffsetSignedSaturation-0\#ChannelRegularConversion,NbrOfConversionFlag,ClockPrescaler
ADC3.NbrOfConversionFlag=1
ADC3.OffsetNumber-0\#ChannelRegularConversion=ADC_OFFSET_NONE
ADC3.OffsetSignedSaturation-0\#ChannelRegularConversion=DISABLE
ADC3.Rank-0\#ChannelRegularConversion=1
ADC3.SamplingTime-0\#ChannelRegularConversion=ADC_SAMPLETIME_1CYCLE_5
CORTEX_M7.CPU_DCache=Enabled
CORTEX_M7.CPU_ICache=Enabled
CORTEX_M7.IPParameters=CPU_ICache,CPU_DCache
CortexM4.IPs=CORTEX_M4\:I,DEBUG,FATFS_M4\:I,FREERTOS_M4\:I,IWDG2\:I,OPENAMP_M4\:I,PDM2PCM_M4\:I,PWR,RCC,RESMGR_UTILITY,SYS_M4\:I,USB_DEVICE_M4\:I,USB_HOST_M4\:I,VREFBUF,WWDG2\:I,DMA,BDMA,MDMA,NVIC2\:I
CortexM7.IPs=CORTEX_M7\:I,DEBUG\:I,FATFS_M7\:I,FREERTOS_M7\:I,IWDG1\:I,OPENAMP_M7\:I,PDM2PCM_M7\:I,PWR\:I,RCC\:I,RESMGR_UTILITY\:I,SYS\:I,USB_DEVICE_M7\:I,USB_HOST_M7\:I,VREFBUF\:I,WWDG1\:I,DMA\:I,BDMA\:I,MDMA\:I,NVIC1\:I,FDCAN1\:I,FDCAN2\:I,ADC2\:I,ADC3\:I,HRTIM\:I,USART2\:I,SPI3\:I,RTC\:I,ADC1\:I
Dma.Request0=SPI3_TX
Dma.Request1=SPI3_RX
Dma.RequestsNb=2
Dma.SPI3_RX.1.Direction=DMA_PERIPH_TO_MEMORY
Dma.SPI3_RX.1.EventEnable=DISABLE
Dma.SPI3_RX.1.FIFOMode=DMA_FIFOMODE_DISABLE
Dma.SPI3_RX.1.Instance=DMA1_Stream1
Dma.SPI3_RX.1.MemDataAlignment=DMA_MDATAALIGN_BYTE
Dma.SPI3_RX.1.MemInc=DMA_MINC_ENABLE
Dma.SPI3_RX.1.Mode=DMA_NORMAL
Dma.SPI3_RX.1.PeriphDataAlignment=DMA_PDATAALIGN_BYTE
Dma.SPI3_RX.1.PeriphInc=DMA_PINC_DISABLE
Dma.SPI3_RX.1.Polarity=HAL_DMAMUX_REQ_GEN_RISING
Dma.SPI3_RX.1.Priority=DMA_PRIORITY_HIGH
Dma.SPI3_RX.1.RequestNumber=1
Dma.SPI3_RX.1.RequestParameters=Instance,Direction,PeriphInc,MemInc,PeriphDataAlignment,MemDataAlignment,Mode,Priority,FIFOMode,SignalID,Polarity,RequestNumber,SyncSignalID,SyncPolarity,SyncEnable,EventEnable,SyncRequestNumber
Dma.SPI3_RX.1.SignalID=NONE
Dma.SPI3_RX.1.SyncEnable=DISABLE
Dma.SPI3_RX.1.SyncPolarity=HAL_DMAMUX_SYNC_NO_EVENT
Dma.SPI3_RX.1.SyncRequestNumber=1
Dma.SPI3_RX.1.SyncSignalID=NONE
Dma.SPI3_TX.0.Direction=DMA_MEMORY_TO_PERIPH
Dma.SPI3_TX.0.EventEnable=DISABLE
Dma.SPI3_TX.0.FIFOMode=DMA_FIFOMODE_DISABLE
Dma.SPI3_TX.0.Instance=DMA1_Stream0
Dma.SPI3_TX.0.MemDataAlignment=DMA_MDATAALIGN_BYTE
Dma.SPI3_TX.0.MemInc=DMA_MINC_ENABLE
Dma.SPI3_TX.0.Mode=DMA_NORMAL
Dma.SPI3_TX.0.PeriphDataAlignment=DMA_PDATAALIGN_BYTE
Dma.SPI3_TX.0.PeriphInc=DMA_PINC_DISABLE
Dma.SPI3_TX.0.Polarity=HAL_DMAMUX_REQ_GEN_RISING
Dma.SPI3_TX.0.Priority=DMA_PRIORITY_HIGH
Dma.SPI3_TX.0.RequestNumber=1
Dma.SPI3_TX.0.RequestParameters=Instance,Direction,PeriphInc,MemInc,PeriphDataAlignment,MemDataAlignment,Mode,Priority,FIFOMode,SignalID,Polarity,RequestNumber,SyncSignalID,SyncPolarity,SyncEnable,EventEnable,SyncRequestNumber
Dma.SPI3_TX.0.SignalID=NONE
Dma.SPI3_TX.0.SyncEnable=DISABLE
Dma.SPI3_TX.0.SyncPolarity=HAL_DMAMUX_SYNC_NO_EVENT
Dma.SPI3_TX.0.SyncRequestNumber=1
Dma.SPI3_TX.0.SyncSignalID=NONE
File.Version=6
GPIO.groupedBy=Group By Peripherals
HRTIM.Configuration_TB=Waveform
HRTIM.IPParameters=PrescalerRatio_TB,Configuration_TB,PrescalerRatio_TC,PrescalerRatio_MASTER,PrescalerRatio_TA
HRTIM.PrescalerRatio_MASTER=HRTIM_PRESCALERRATIO_DIV1
HRTIM.PrescalerRatio_TA=HRTIM_PRESCALERRATIO_DIV1
HRTIM.PrescalerRatio_TB=HRTIM_PRESCALERRATIO_DIV1
HRTIM.PrescalerRatio_TC=HRTIM_PRESCALERRATIO_DIV1
KeepUserPlacement=false
Mcu.Context0=CortexM7
Mcu.Context1=CortexM4
Mcu.ContextNb=2
Mcu.Family=STM32H7
Mcu.IP0=ADC1
Mcu.IP1=ADC2
Mcu.IP10=NVIC2
Mcu.IP11=RCC
Mcu.IP12=RTC
Mcu.IP13=SPI3
Mcu.IP14=SYS_M4
Mcu.IP15=SYS
Mcu.IP16=USART2
Mcu.IP2=ADC3
Mcu.IP3=CORTEX_M4
Mcu.IP4=CORTEX_M7
Mcu.IP5=DMA
Mcu.IP6=FDCAN1
Mcu.IP7=FDCAN2
Mcu.IP8=HRTIM
Mcu.IP9=NVIC1
Mcu.IPNb=17
Mcu.Name=STM32H747A(G-I)Ix
Mcu.Package=UFBGA169
Mcu.Pin0=PB5
Mcu.Pin1=PD3
Mcu.Pin10=PD4
Mcu.Pin11=PC12
Mcu.Pin12=PA8
Mcu.Pin13=PA9
Mcu.Pin14=PA11
Mcu.Pin15=PA12
Mcu.Pin16=PB6
Mcu.Pin17=PC11
Mcu.Pin18=PC7
Mcu.Pin19=PG7
Mcu.Pin2=PA10
Mcu.Pin20=PC8
Mcu.Pin21=PC6
Mcu.Pin22=PF4
Mcu.Pin23=PF3
Mcu.Pin24=PF5
Mcu.Pin25=PF6
Mcu.Pin26=PF7
Mcu.Pin27=PF8
Mcu.Pin28=PG6
Mcu.Pin29=PF9
Mcu.Pin3=PD6
Mcu.Pin30=PB1
Mcu.Pin31=PF12
Mcu.Pin32=PF11
Mcu.Pin33=PC4
Mcu.Pin34=PE10
Mcu.Pin35=PA6
Mcu.Pin36=PF13
Mcu.Pin37=PE11
Mcu.Pin38=VP_HRTIM_VS_hrtimMasterTimerNoOutput
Mcu.Pin39=VP_RTC_VS_RTC_Activate
Mcu.Pin4=PA15 (JTDI)
Mcu.Pin40=VP_RTC_VS_RTC_Calendar
Mcu.Pin41=VP_RTC_VS_RTC_WakeUp_intern
Mcu.Pin42=VP_RTC_VS_RTC_Alarm_B_Intern
Mcu.Pin43=VP_RTC_VS_RTC_Alarm_A_Intern
Mcu.Pin44=VP_SYS_VS_Systick
Mcu.Pin45=VP_SYS_M4_VS_Systick
Mcu.Pin5=PC14-OSC32_IN (OSC32_IN)
Mcu.Pin6=PD5
Mcu.Pin7=PD1
Mcu.Pin8=PD0
Mcu.Pin9=PC10
Mcu.PinsNb=46
Mcu.ThirdPartyNb=0
Mcu.UserConstants=
Mcu.UserName=STM32H747AIIx
MxCube.Version=6.3.0
MxDb.Version=DB.6.0.30
NVIC1.BusFault_IRQn=true\:0\:0\:false\:false\:true\:false\:false
NVIC1.DMA1_Stream0_IRQn=true\:0\:0\:false\:false\:true\:false\:true
NVIC1.DMA1_Stream1_IRQn=true\:0\:0\:false\:false\:true\:false\:true
NVIC1.DebugMonitor_IRQn=true\:0\:0\:false\:false\:true\:false\:false
NVIC1.FDCAN1_IT0_IRQn=true\:0\:0\:false\:false\:true\:true\:true
NVIC1.FDCAN2_IT0_IRQn=true\:0\:0\:false\:false\:true\:true\:true
NVIC1.ForceEnableDMAVector=true
NVIC1.HardFault_IRQn=true\:0\:0\:false\:false\:true\:false\:false
NVIC1.MemoryManagement_IRQn=true\:0\:0\:false\:false\:true\:false\:false
NVIC1.NonMaskableInt_IRQn=true\:0\:0\:false\:false\:true\:false\:false
NVIC1.PendSV_IRQn=true\:0\:0\:false\:false\:true\:false\:false
NVIC1.PriorityGroup=NVIC_PRIORITYGROUP_4
NVIC1.SPI3_IRQn=true\:0\:0\:false\:false\:true\:false\:true
NVIC1.SVCall_IRQn=true\:0\:0\:false\:false\:true\:false\:false
NVIC1.SysTick_IRQn=true\:0\:0\:false\:false\:true\:false\:true
NVIC1.USART2_IRQn=true\:0\:0\:false\:false\:true\:true\:true
NVIC1.UsageFault_IRQn=true\:0\:0\:false\:false\:true\:false\:false
NVIC2.BusFault_IRQn=true\:0\:0\:false\:false\:true\:false\:false
NVIC2.DebugMonitor_IRQn=true\:0\:0\:false\:false\:true\:false\:false
NVIC2.ForceEnableDMAVector=true
NVIC2.HardFault_IRQn=true\:0\:0\:false\:false\:true\:false\:false
NVIC2.MemoryManagement_IRQn=true\:0\:0\:false\:false\:true\:false\:false
NVIC2.NonMaskableInt_IRQn=true\:0\:0\:false\:false\:true\:false\:false
NVIC2.PendSV_IRQn=true\:0\:0\:false\:false\:true\:false\:false
NVIC2.PriorityGroup=NVIC_PRIORITYGROUP_4
NVIC2.SVCall_IRQn=true\:0\:0\:false\:false\:true\:false\:false
NVIC2.SysTick_IRQn=true\:0\:0\:false\:false\:true\:false\:true
NVIC2.UsageFault_IRQn=true\:0\:0\:false\:false\:true\:false\:false
PA10.GPIOParameters=PinAttribute
PA10.Mode=Output_TC1TC2
PA10.PinAttribute=CortexM7
PA10.Signal=HRTIM_CHC2
PA11.GPIOParameters=PinAttribute
PA11.Locked=true
PA11.Mode=Output_TD1TD2
PA11.PinAttribute=CortexM7
PA11.Signal=HRTIM_CHD1
PA12.GPIOParameters=PinAttribute
PA12.Mode=Output_TD1TD2
PA12.PinAttribute=CortexM7
PA12.Signal=HRTIM_CHD2
PA15\ (JTDI).GPIOParameters=PinAttribute
PA15\ (JTDI).Mode=NSS_Signal_Hard_Input
PA15\ (JTDI).PinAttribute=CortexM7
PA15\ (JTDI).Signal=SPI3_NSS
PA6.GPIOParameters=PinAttribute
PA6.PinAttribute=CortexM7
PA6.Signal=ADCx_INP3
PA8.GPIOParameters=PinAttribute
PA8.Locked=true
PA8.Mode=Output_TB1TB2
PA8.PinAttribute=CortexM7
PA8.Signal=HRTIM_CHB2
PA9.GPIOParameters=PinAttribute
PA9.Mode=Output_TC1TC2
PA9.PinAttribute=CortexM7
PA9.Signal=HRTIM_CHC1
PB1.GPIOParameters=PinAttribute
PB1.Locked=true
PB1.PinAttribute=CortexM7
PB1.Signal=ADCx_INP5
PB5.GPIOParameters=PinAttribute
PB5.Mode=FDCAN_Activate
PB5.PinAttribute=CortexM7
PB5.Signal=FDCAN2_RX
PB6.GPIOParameters=PinAttribute
PB6.Locked=true
PB6.Mode=FDCAN_Activate
PB6.PinAttribute=CortexM7
PB6.Signal=FDCAN2_TX
PC10.GPIOParameters=PinAttribute
PC10.Locked=true
PC10.Mode=Full_Duplex_Slave
PC10.PinAttribute=CortexM7
PC10.Signal=SPI3_SCK
PC11.GPIOParameters=PinAttribute
PC11.Locked=true
PC11.Mode=Full_Duplex_Slave
PC11.PinAttribute=CortexM7
PC11.Signal=SPI3_MISO
PC12.GPIOParameters=PinAttribute
PC12.Mode=Full_Duplex_Slave
PC12.PinAttribute=CortexM7
PC12.Signal=SPI3_MOSI
PC14-OSC32_IN\ (OSC32_IN).GPIOParameters=PinAttribute
PC14-OSC32_IN\ (OSC32_IN).Mode=LSE-External-Clock-Source
PC14-OSC32_IN\ (OSC32_IN).PinAttribute=CortexM7
PC14-OSC32_IN\ (OSC32_IN).Signal=RCC_OSC32_IN
PC4.GPIOParameters=PinAttribute
PC4.PinAttribute=CortexM7
PC4.Signal=ADCx_INP4
PC6.GPIOParameters=PinAttribute
PC6.Mode=Output_TA1TA2
PC6.PinAttribute=CortexM7
PC6.Signal=HRTIM_CHA1
PC7.GPIOParameters=PinAttribute
PC7.Mode=Output_TA1TA2
PC7.PinAttribute=CortexM7
PC7.Signal=HRTIM_CHA2
PC8.GPIOParameters=PinAttribute
PC8.Mode=Output_TB1TB2
PC8.PinAttribute=CortexM7
PC8.Signal=HRTIM_CHB1
PD0.GPIOParameters=PinAttribute
PD0.Mode=FDCAN_Activate
PD0.PinAttribute=CortexM7
PD0.Signal=FDCAN1_RX
PD1.GPIOParameters=PinAttribute
PD1.Mode=FDCAN_Activate
PD1.PinAttribute=CortexM7
PD1.Signal=FDCAN1_TX
PD3.GPIOParameters=PinAttribute
PD3.Mode=CTS_RTS
PD3.PinAttribute=CortexM7
PD3.Signal=USART2_CTS
PD4.GPIOParameters=PinAttribute
PD4.Mode=CTS_RTS
PD4.PinAttribute=CortexM7
PD4.Signal=USART2_RTS
PD5.GPIOParameters=PinAttribute
PD5.Mode=Asynchronous
PD5.PinAttribute=CortexM7
PD5.Signal=USART2_TX
PD6.GPIOParameters=PinAttribute
PD6.Mode=Asynchronous
PD6.PinAttribute=CortexM7
PD6.Signal=USART2_RX
PE10.GPIOParameters=PinAttribute
PE10.Locked=true
PE10.PinAttribute=Free
PE10.Signal=GPIO_Output
PE11.GPIOParameters=PinAttribute
PE11.Locked=true
PE11.PinAttribute=Free
PE11.Signal=GPIO_Output
PF11.GPIOParameters=PinAttribute
PF11.Locked=true
PF11.Mode=IN2-Single-Ended
PF11.PinAttribute=CortexM7
PF11.Signal=ADC1_INP2
PF12.GPIOParameters=PinAttribute
PF12.Locked=true
PF12.PinAttribute=Free
PF12.Signal=GPIO_Output
PF13.GPIOParameters=PinAttribute
PF13.Mode=IN2-Single-Ended
PF13.PinAttribute=CortexM7
PF13.Signal=ADC2_INP2
PF3.GPIOParameters=PinAttribute
PF3.Locked=true
PF3.PinAttribute=Free
PF3.Signal=GPIO_Output
PF4.GPIOParameters=PinAttribute
PF4.Locked=true
PF4.PinAttribute=Free
PF4.Signal=GPIO_Output
PF5.GPIOParameters=PinAttribute
PF5.Locked=true
PF5.Mode=IN4-Single-Ended
PF5.PinAttribute=CortexM7
PF5.Signal=ADC3_INP4
PF6.GPIOParameters=PinAttribute
PF6.Locked=true
PF6.PinAttribute=Free
PF6.Signal=GPIO_Output
PF7.GPIOParameters=PinAttribute
PF7.Locked=true
PF7.Mode=IN3-Single-Ended
PF7.PinAttribute=CortexM7
PF7.Signal=ADC3_INP3
PF8.GPIOParameters=PinAttribute
PF8.Locked=true
PF8.PinAttribute=Free
PF8.Signal=GPIO_Output
PF9.GPIOParameters=PinAttribute
PF9.Locked=true
PF9.Mode=IN2-Single-Ended
PF9.PinAttribute=CortexM7
PF9.Signal=ADC3_INP2
PG6.GPIOParameters=PinAttribute
PG6.Mode=Output_TE1TE2
PG6.PinAttribute=CortexM7
PG6.Signal=HRTIM_CHE1
PG7.GPIOParameters=PinAttribute
PG7.Mode=Output_TE1TE2
PG7.PinAttribute=CortexM7
PG7.Signal=HRTIM_CHE2
PinOutPanel.CurrentBGAView=Top
PinOutPanel.RotationAngle=0
ProjectManager.AskForMigrate=true
ProjectManager.BackupPrevious=false
ProjectManager.BootMode=boot0
ProjectManager.CompilerOptimize=6
ProjectManager.ComputerToolchain=false
ProjectManager.CoupleFile=false
ProjectManager.CustomerFirmwarePackage=
ProjectManager.DefaultFWLocation=true
ProjectManager.DeletePrevious=true
ProjectManager.DeviceId=STM32H747AIIx
ProjectManager.FirmwarePackage=STM32Cube FW_H7 V1.9.0
ProjectManager.FreePins=false
ProjectManager.HalAssertFull=false
ProjectManager.HeapSize=M4-0x200,M7-0x200
ProjectManager.KeepUserCode=true
ProjectManager.LastFirmware=true
ProjectManager.LibraryCopy=1
ProjectManager.MainLocation=Core/Src
ProjectManager.NoMain=false
ProjectManager.PreviousToolchain=STM32CubeIDE
ProjectManager.ProjectBuild=false
ProjectManager.ProjectFileName=STM32H747AII6.ioc
ProjectManager.ProjectName=STM32H747AII6
ProjectManager.RegisterCallBack=
ProjectManager.StackSize=M4-0x400,M7-0x400
ProjectManager.TargetToolchain=STM32CubeIDE
ProjectManager.ToolChainLocation=
ProjectManager.UnderRoot=true
ProjectManager.functionlistsort=1-MX_GPIO_Init-GPIO-false-HAL-true-CortexM7,2-SystemClock_Config-RCC-false-HAL-false-CortexM7,3-MX_ADC1_Init-ADC1-false-HAL-true-CortexM7,4-MX_ADC2_Init-ADC2-false-HAL-true-CortexM7,5-MX_FDCAN1_Init-FDCAN1-false-HAL-true-CortexM7,6-MX_FDCAN2_Init-FDCAN2-false-HAL-true-CortexM7,7-MX_DMA_Init-DMA-false-HAL-true-CortexM7,8-MX_ADC3_Init-ADC3-false-HAL-true-CortexM7,9-MX_HRTIM_Init-HRTIM-false-HAL-true-CortexM7,10-MX_RTC_Init-RTC-false-HAL-true-CortexM7,11-MX_SPI3_Init-SPI3-false-HAL-true-CortexM7,12-MX_USART2_UART_Init-USART2-false-HAL-true-CortexM7,1-MX_DMA_Init-DMA-false-HAL-true-CortexM4,0-MX_CORTEX_M7_Init-CORTEX_M7-false-HAL-true-CortexM7,0-MX_CORTEX_M4_Init-CORTEX_M4-false-HAL-true-CortexM4
RCC.ADCFreq_Value=80000000
RCC.AHB12Freq_Value=200000000
RCC.AHB4Freq_Value=200000000
RCC.APB1Freq_Value=100000000
RCC.APB2Freq_Value=100000000
RCC.APB3Freq_Value=100000000
RCC.APB4Freq_Value=100000000
RCC.AXIClockFreq_Value=200000000
RCC.CECFreq_Value=32000
RCC.CKPERFreq_Value=64000000
RCC.CPU2Freq_Value=200000000
RCC.CPU2SystikFreq_Value=200000000
RCC.CortexFreq_Value=400000000
RCC.CpuClockFreq_Value=400000000
RCC.D1CPREFreq_Value=400000000
RCC.D1PPRE=RCC_APB3_DIV2
RCC.D2PPRE1=RCC_APB1_DIV2
RCC.D2PPRE2=RCC_APB2_DIV2
RCC.D3PPRE=RCC_APB4_DIV2
RCC.DFSDMACLkFreq_Value=200000000
RCC.DFSDMFreq_Value=100000000
RCC.DIVM1=8
RCC.DIVM2=4
RCC.DIVN1=100
RCC.DIVN2=10
RCC.DIVP1Freq_Value=400000000
RCC.DIVP2Freq_Value=80000000
RCC.DIVP3Freq_Value=129000000
RCC.DIVQ1=4
RCC.DIVQ1Freq_Value=200000000
RCC.DIVQ2Freq_Value=80000000
RCC.DIVQ3Freq_Value=129000000
RCC.DIVR1Freq_Value=400000000
RCC.DIVR2Freq_Value=80000000
RCC.DIVR3Freq_Value=129000000
RCC.DSIFreq_Value=62500000
RCC.DSITXEscFreq_Value=15625000
RCC.FDCANCLockSelection=RCC_FDCANCLKSOURCE_PLL2
RCC.FDCANFreq_Value=80000000
RCC.FMCFreq_Value=200000000
RCC.FamilyName=M
RCC.HCLK3ClockFreq_Value=200000000
RCC.HCLKFreq_Value=200000000
RCC.HPRE=RCC_HCLK_DIV2
RCC.HRTIMFreq_Value=200000000
RCC.I2C123Freq_Value=100000000
RCC.I2C4Freq_Value=100000000
RCC.IPParameters=ADCFreq_Value,AHB12Freq_Value,AHB4Freq_Value,APB1Freq_Value,APB2Freq_Value,APB3Freq_Value,APB4Freq_Value,AXIClockFreq_Value,CECFreq_Value,CKPERFreq_Value,CPU2Freq_Value,CPU2SystikFreq_Value,CortexFreq_Value,CpuClockFreq_Value,D1CPREFreq_Value,D1PPRE,D2PPRE1,D2PPRE2,D3PPRE,DFSDMACLkFreq_Value,DFSDMFreq_Value,DIVM1,DIVM2,DIVN1,DIVN2,DIVP1Freq_Value,DIVP2Freq_Value,DIVP3Freq_Value,DIVQ1,DIVQ1Freq_Value,DIVQ2Freq_Value,DIVQ3Freq_Value,DIVR1Freq_Value,DIVR2Freq_Value,DIVR3Freq_Value,DSIFreq_Value,DSITXEscFreq_Value,FDCANCLockSelection,FDCANFreq_Value,FMCFreq_Value,FamilyName,HCLK3ClockFreq_Value,HCLKFreq_Value,HPRE,HRTIMFreq_Value,I2C123Freq_Value,I2C4Freq_Value,LPTIM1Freq_Value,LPTIM2Freq_Value,LPTIM345Freq_Value,LPUART1Freq_Value,LTDCFreq_Value,MCO1PinFreq_Value,MCO2PinFreq_Value,PLL1_VCO_SEL-AdvancedSettings,PLL2FRACN,PLL3FRACN,PLL3_VCI_Range-AdvancedSettings,PLL3_VCO_SEL-AdvancedSettings,PLLDSIVCOFreq_Value,PLLFRACN,QSPIFreq_Value,RNGFreq_Value,RTCClockSelection,RTCFreq_Value,SAI1Freq_Value,SAI23Freq_Value,SAI4AFreq_Value,SAI4BFreq_Value,SDMMCFreq_Value,SPDIFRXFreq_Value,SPI123Freq_Value,SPI45Freq_Value,SPI6Freq_Value,SWPMI1Freq_Value,SYSCLKFreq_VALUE,SYSCLKSource,Tim1OutputFreq_Value,Tim2OutputFreq_Value,TraceFreq_Value,USART16Freq_Value,USART234578Freq_Value,USBFreq_Value,VCO1OutputFreq_Value,VCO2OutputFreq_Value,VCO3OutputFreq_Value,VCOInput1Freq_Value,VCOInput2Freq_Value,VCOInput3Freq_Value
RCC.LPTIM1Freq_Value=100000000
RCC.LPTIM2Freq_Value=100000000
RCC.LPTIM345Freq_Value=100000000
RCC.LPUART1Freq_Value=100000000
RCC.LTDCFreq_Value=129000000
RCC.MCO1PinFreq_Value=64000000
RCC.MCO2PinFreq_Value=400000000
RCC.PLL1_VCO_SEL-AdvancedSettings=RCC_PLL1VCOMEDIUM
RCC.PLL2FRACN=0
RCC.PLL3FRACN=0
RCC.PLL3_VCI_Range-AdvancedSettings=RCC_PLL3VCIRANGE_0
RCC.PLL3_VCO_SEL-AdvancedSettings=RCC_PLL3VCOWIDE
RCC.PLLDSIVCOFreq_Value=1000000000
RCC.PLLFRACN=0
RCC.QSPIFreq_Value=200000000
RCC.RNGFreq_Value=48000000
RCC.RTCClockSelection=RCC_RTCCLKSOURCE_LSE
RCC.RTCFreq_Value=32768
RCC.SAI1Freq_Value=200000000
RCC.SAI23Freq_Value=200000000
RCC.SAI4AFreq_Value=200000000
RCC.SAI4BFreq_Value=200000000
RCC.SDMMCFreq_Value=200000000
RCC.SPDIFRXFreq_Value=200000000
RCC.SPI123Freq_Value=200000000
RCC.SPI45Freq_Value=100000000
RCC.SPI6Freq_Value=100000000
RCC.SWPMI1Freq_Value=100000000
RCC.SYSCLKFreq_VALUE=400000000
RCC.SYSCLKSource=RCC_SYSCLKSOURCE_PLLCLK
RCC.Tim1OutputFreq_Value=200000000
RCC.Tim2OutputFreq_Value=200000000
RCC.TraceFreq_Value=64000000
RCC.USART16Freq_Value=100000000
RCC.USART234578Freq_Value=100000000
RCC.USBFreq_Value=200000000
RCC.VCO1OutputFreq_Value=800000000
RCC.VCO2OutputFreq_Value=160000000
RCC.VCO3OutputFreq_Value=258000000
RCC.VCOInput1Freq_Value=8000000
RCC.VCOInput2Freq_Value=16000000
RCC.VCOInput3Freq_Value=2000000
RTC.Alarm-Alarm\ A=RTC_ALARM_A
RTC.Alarm_B-Alarm\ B=RTC_ALARM_B
RTC.Format=RTC_FORMAT_BIN
RTC.IPParameters=Alarm_B-Alarm B,Alarm-Alarm A,Format
SH.ADCx_INP3.0=ADC2_INP3,IN3-Single-Ended
SH.ADCx_INP3.ConfNb=1
SH.ADCx_INP4.0=ADC2_INP4,IN4-Single-Ended
SH.ADCx_INP4.ConfNb=1
SH.ADCx_INP5.0=ADC2_INP5,IN5-Single-Ended
SH.ADCx_INP5.ConfNb=1
SPI3.Direction=SPI_DIRECTION_2LINES
SPI3.IPParameters=VirtualType,Mode,Direction,VirtualNSS
SPI3.Mode=SPI_MODE_SLAVE
SPI3.VirtualNSS=VM_NSSHARD
SPI3.VirtualType=VM_SLAVE
SYS.userName=SYS_M7
USART2.IPParameters=VirtualMode-Asynchronous
USART2.VirtualMode-Asynchronous=VM_ASYNC
VP_HRTIM_VS_hrtimMasterTimerNoOutput.Mode=MasterTimer
VP_HRTIM_VS_hrtimMasterTimerNoOutput.Signal=HRTIM_VS_hrtimMasterTimerNoOutput
VP_RTC_VS_RTC_Activate.Mode=RTC_Enabled
VP_RTC_VS_RTC_Activate.Signal=RTC_VS_RTC_Activate
VP_RTC_VS_RTC_Alarm_A_Intern.Mode=Alarm A
VP_RTC_VS_RTC_Alarm_A_Intern.Signal=RTC_VS_RTC_Alarm_A_Intern
VP_RTC_VS_RTC_Alarm_B_Intern.Mode=Alarm B
VP_RTC_VS_RTC_Alarm_B_Intern.Signal=RTC_VS_RTC_Alarm_B_Intern
VP_RTC_VS_RTC_Calendar.Mode=RTC_Calendar
VP_RTC_VS_RTC_Calendar.Signal=RTC_VS_RTC_Calendar
VP_RTC_VS_RTC_WakeUp_intern.Mode=WakeUp
VP_RTC_VS_RTC_WakeUp_intern.Signal=RTC_VS_RTC_WakeUp_intern
VP_SYS_M4_VS_Systick.Mode=SysTick
VP_SYS_M4_VS_Systick.Signal=SYS_M4_VS_Systick
VP_SYS_VS_Systick.Mode=SysTick
VP_SYS_VS_Systick.Signal=SYS_VS_Systick
board=custom
isbadioc=false
